<Solution>
  <Folder Name="/Library/">
    <Project Path="Common/Library/Garmetix.Core/Garmetix.Core.csproj" Id="94abf316-8e10-4cf6-b163-aa94e456289c" />
  </Folder>
  <Folder Name="/Modules/">
    <Project Path="Common/Modules/Garmetix.CoreBase/Garmetix.CoreBase.csproj" Id="f622f35c-fd88-4d11-9bf3-a72d46b998d9" />
    <Project Path="Garmetix.Billing/Garmetix.Billing.csproj" Id="66e5697d-048c-4263-8e1e-30cd634b55a6" />
  </Folder>
  <Folder Name="/Services/">
    <Project Path="Common/Services/Bharat.GoogleService/Bharat.GoogleService.csproj" Id="c2dc83c1-688a-4e15-8929-d58b7eeab11a" />
    <Project Path="Common/Services/Garmetix.Reports/Garmetix.Reports.csproj" Id="1bd17a20-9ecf-4d28-8526-546a1f10db12" />
  </Folder>
  <Folder Name="/V2/" />
  <Folder Name="/V2/Data/">
    <Project Path="v2/Data/Garmetix.Data/Garmetix.Data.csproj" Id="0f4f4577-b209-473a-ab1d-0766a9a71c1d" />
    <Project Path="v2/Data/Garmetix.DataServices/Garmetix.DataServices.csproj" Id="d30b58d2-2e81-4c4e-ab9b-86a4ea65d0ef" />
  </Folder>
  <Folder Name="/V2/Library/">
    <Project Path="v2/Library/Bharat.Themes/Bharat.Themes.csproj" Id="67c8b07f-22a6-4574-adee-912fa19d33d9" />
    <Project Path="v2/Library/Bharat.ToolKits.Notifications/Bharat.ToolKits.Notifications.csproj" />
    <Project Path="v2/Library/Bharat.Toolkits/Bharat.ToolKits.csproj" />
    <Project Path="v2/Library/Garmetix.Base/Garmetix.Base.csproj" Id="436408db-031a-4266-949f-7f012ce64070" />
    <Project Path="v2/Library/Garmetix.Core/Garmetix.Core.csproj" Id="463b67c4-8a7a-4914-ad42-eb6dd25fdf52" />
    <Project Path="v2/Library/Garmetix.Dependencies/Garmetix.Dependencies.csproj" Id="c82ece0f-2ac9-422d-a21e-fdc4821da134" />
    <Project Path="v2/Library/Garmetix.Settings/Garmetix.Settings.csproj" />
  </Folder>
  <Folder Name="/V2/Modules/">
    <Project Path="v2/Modules/Garmetix.Authentication/Garmetix.Authentication.csproj" Id="c85bced0-5155-49e0-a3fd-493ec0e50cc7" />
  </Folder>
  <Folder Name="/V2/Service/">
    <Project Path="v2/ML/Services/Garmetix.CoreServices/Garmetix.CoreServices.csproj" Id="ab9e37a5-eee2-4379-980c-2991247456b6" />
    <Project Path="v2/ML/Services/Garmetix.Reports/Garmetix.Reports.csproj" Id="b334a158-ef21-4a17-85b1-2ab078e4365c" />
  </Folder>
  <Project Path="Garmetix/Garmetix.csproj">
    <Deploy Solution="Debug|*" />
  </Project>
</Solution>
